
Microsoft Visual Studio Solution File, Format Version 12.00
# Visual Studio Version 16
VisualStudioVersion = 16.0.30717.126
MinimumVisualStudioVersion = 10.0.40219.1
Project("{FAE04EC0-301F-11D3-BF4B-00C04F79EFBC}") = "TaberApp.EntidadesDeNegocio", "TaberApp.EntidadesDeNegocio\TaberApp.EntidadesDeNegocio.csproj", "{3F234D7C-F776-4D17-80BF-6A40CD7CC4A1}"
EndProject
Project("{FAE04EC0-301F-11D3-BF4B-00C04F79EFBC}") = "TaberApp.AccesoADatos", "TaberApp.AccesoADatos\TaberApp.AccesoADatos.csproj", "{0C389B43-1729-4408-8534-4B8121E3BF8E}"
EndProject
Project("{FAE04EC0-301F-11D3-BF4B-00C04F79EFBC}") = "TaberApp.LogicaDeNegocio", "TaberApp.LogicaDeNegocio\TaberApp.LogicaDeNegocio.csproj", "{34DC1FDA-7BE4-45DF-9670-DB5AD4FFF113}"
EndProject
Project("{FAE04EC0-301F-11D3-BF4B-00C04F79EFBC}") = "TaberApp.WebAPI", "TaberApp.WebAPI\TaberApp.WebAPI.csproj", "{A345EBDC-C0AC-4B5A-A7E2-562F163B3780}"
EndProject
Global
	GlobalSection(SolutionConfigurationPlatforms) = preSolution
		Debug|Any CPU = Debug|Any CPU
		Release|Any CPU = Release|Any CPU
	EndGlobalSection
	GlobalSection(ProjectConfigurationPlatforms) = postSolution
		{3F234D7C-F776-4D17-80BF-6A40CD7CC4A1}.Debug|Any CPU.ActiveCfg = Debug|Any CPU
		{3F234D7C-F776-4D17-80BF-6A40CD7CC4A1}.Debug|Any CPU.Build.0 = Debug|Any CPU
		{3F234D7C-F776-4D17-80BF-6A40CD7CC4A1}.Release|Any CPU.ActiveCfg = Release|Any CPU
		{3F234D7C-F776-4D17-80BF-6A40CD7CC4A1}.Release|Any CPU.Build.0 = Release|Any CPU
		{0C389B43-1729-4408-8534-4B8121E3BF8E}.Debug|Any CPU.ActiveCfg = Debug|Any CPU
		{0C389B43-1729-4408-8534-4B8121E3BF8E}.Debug|Any CPU.Build.0 = Debug|Any CPU
		{0C389B43-1729-4408-8534-4B8121E3BF8E}.Release|Any CPU.ActiveCfg = Release|Any CPU
		{0C389B43-1729-4408-8534-4B8121E3BF8E}.Release|Any CPU.Build.0 = Release|Any CPU
		{34DC1FDA-7BE4-45DF-9670-DB5AD4FFF113}.Debug|Any CPU.ActiveCfg = Debug|Any CPU
		{34DC1FDA-7BE4-45DF-9670-DB5AD4FFF113}.Debug|Any CPU.Build.0 = Debug|Any CPU
		{34DC1FDA-7BE4-45DF-9670-DB5AD4FFF113}.Release|Any CPU.ActiveCfg = Release|Any CPU
		{34DC1FDA-7BE4-45DF-9670-DB5AD4FFF113}.Release|Any CPU.Build.0 = Release|Any CPU
		{A345EBDC-C0AC-4B5A-A7E2-562F163B3780}.Debug|Any CPU.ActiveCfg = Debug|Any CPU
		{A345EBDC-C0AC-4B5A-A7E2-562F163B3780}.Debug|Any CPU.Build.0 = Debug|Any CPU
		{A345EBDC-C0AC-4B5A-A7E2-562F163B3780}.Release|Any CPU.ActiveCfg = Release|Any CPU
		{A345EBDC-C0AC-4B5A-A7E2-562F163B3780}.Release|Any CPU.Build.0 = Release|Any CPU
	EndGlobalSection
	GlobalSection(SolutionProperties) = preSolution
		HideSolutionNode = FALSE
	EndGlobalSection
	GlobalSection(ExtensibilityGlobals) = postSolution
		SolutionGuid = {F7D9095C-1A75-4528-BBF3-87F840274B89}
	EndGlobalSection
EndGlobal
